
Microsoft Visual Studio Solution File, Format Version 12.00
# Visual Studio Version 17
VisualStudioVersion = 17.9.34616.47
MinimumVisualStudioVersion = 10.0.40219.1
Project("{FAE04EC0-301F-11D3-BF4B-00C04F79EFBC}") = "MyRecipeApp", "MyRecipeApp.csproj", "{B7300F2B-B1C6-4B13-8C3C-1B0F3E74FA4F}"
EndProject
Global
	GlobalSection(SolutionConfigurationPlatforms) = preSolution
		Debug|Any CPU = Debug|Any CPU
		Release|Any CPU = Release|Any CPU
	EndGlobalSection
	GlobalSection(ProjectConfigurationPlatforms) = postSolution
		{B7300F2B-B1C6-4B13-8C3C-1B0F3E74FA4F}.Debug|Any CPU.ActiveCfg = Debug|Any CPU
		{B7300F2B-B1C6-4B13-8C3C-1B0F3E74FA4F}.Debug|Any CPU.Build.0 = Debug|Any CPU
		{B7300F2B-B1C6-4B13-8C3C-1B0F3E74FA4F}.Release|Any CPU.ActiveCfg = Release|Any CPU
		{B7300F2B-B1C6-4B13-8C3C-1B0F3E74FA4F}.Release|Any CPU.Build.0 = Release|Any CPU
	EndGlobalSection
	GlobalSection(SolutionProperties) = preSolution
		HideSolutionNode = FALSE
	EndGlobalSection
	GlobalSection(ExtensibilityGlobals) = postSolution
		SolutionGuid = {32979F09-6787-4581-B5BD-AE7289631EC5}
	EndGlobalSection
EndGlobal
